<?xml version="1.0" encoding="utf-8"?>
<Project ToolsVersion="4.0" xmlns="http://schemas.microsoft.com/developer/msbuild/2003">
  <ItemGroup>
    <Filter Include="Source Files">
      <UniqueIdentifier>{4FC737F1-C7A5-4376-A066-2A32D752A2FF}</UniqueIdentifier>
      <Extensions>qml;cpp;c;cc;cxx;def;odl;idl;hpj;bat;asm;asmx</Extensions>
    </Filter>
    <Filter Include="Header Files">
      <UniqueIdentifier>{93995380-89BD-4b04-88EB-625FBE52EBFB}</UniqueIdentifier>
      <Extensions>h;hh;hpp;hxx;hm;inl;inc;xsd</Extensions>
    </Filter>
    <Filter Include="Resource Files">
      <UniqueIdentifier>{67DA6AB6-F800-4c08-8B7A-83BB121AAD01}</UniqueIdentifier>
      <Extensions>qrc;rc;ico;cur;bmp;dlg;rc2;rct;bin;rgs;gif;jpg;jpeg;jpe;resx;tiff;tif;png;wav;mfcribbon-ms</Extensions>
    </Filter>
    <Filter Include="Form Files">
      <UniqueIdentifier>{99349809-55BA-4b9d-BF79-8FDBB0286EB3}</UniqueIdentifier>
      <Extensions>ui</Extensions>
    </Filter>
    <Filter Include="Translation Files">
      <UniqueIdentifier>{639EADAA-A684-42e4-A9AD-28FC9BCB8F7C}</UniqueIdentifier>
      <Extensions>ts</Extensions>
    </Filter>
    <Filter Include="menues">
      <UniqueIdentifier>{87439a48-287b-4be2-9ce1-baecdec18bf2}</UniqueIdentifier>
    </Filter>
    <Filter Include="managers">
      <UniqueIdentifier>{86856bf0-2d77-41f8-9818-e0bc26d7f710}</UniqueIdentifier>
    </Filter>
    <Filter Include="widgets">
      <UniqueIdentifier>{d5a73538-c0d5-4115-94aa-afab62bcb732}</UniqueIdentifier>
    </Filter>
  </ItemGroup>
  <ItemGroup>
    <ClCompile Include="main.cpp">
      <Filter>Source Files</Filter>
    </ClCompile>
    <ClCompile Include="user_class.cpp">
      <Filter>Source Files</Filter>
    </ClCompile>
    <ClCompile Include="managers\menuManager.cpp">
      <Filter>managers</Filter>
    </ClCompile>
    <ClCompile Include="managers\dataManager.cpp">
      <Filter>managers</Filter>
    </ClCompile>
    <ClCompile Include="widgets\alert.cpp">
      <Filter>widgets</Filter>
    </ClCompile>
    <ClCompile Include="menues\main_menu.cpp">
      <Filter>menues</Filter>
    </ClCompile>
    <ClCompile Include="menues\partnersData_menu.cpp">
      <Filter>menues</Filter>
    </ClCompile>
    <ClCompile Include="menues\authMenue.cpp">
      <Filter>menues</Filter>
    </ClCompile>
    <ClCompile Include="menues\fillProfil_menue.cpp">
      <Filter>menues</Filter>
    </ClCompile>
    <ClCompile Include="menues\register_menue.cpp">
      <Filter>menues</Filter>
    </ClCompile>
  </ItemGroup>
  <ItemGroup>
    <ClInclude Include="user_class.h">
      <Filter>Header Files</Filter>
    </ClInclude>
    <ClInclude Include="core\BaseIncludes.h">
      <Filter>Header Files</Filter>
    </ClInclude>
    <ClInclude Include="core\QtIncludes.h">
      <Filter>Header Files</Filter>
    </ClInclude>
  </ItemGroup>
  <ItemGroup>
    <QtMoc Include="managers\menuManager.h">
      <Filter>managers</Filter>
    </QtMoc>
    <QtMoc Include="managers\dataManager.h">
      <Filter>managers</Filter>
    </QtMoc>
    <QtMoc Include="widgets\alert.h">
      <Filter>widgets</Filter>
    </QtMoc>
    <QtMoc Include="menues\main_menu.h">
      <Filter>menues</Filter>
    </QtMoc>
    <QtMoc Include="menues\partnersData_menu.h">
      <Filter>menues</Filter>
    </QtMoc>
    <QtMoc Include="menues\authMenue.h">
      <Filter>menues</Filter>
    </QtMoc>
    <QtMoc Include="menues\fillProfil_menue.h">
      <Filter>menues</Filter>
    </QtMoc>
    <QtMoc Include="menues\register_menue.h">
      <Filter>menues</Filter>
    </QtMoc>
  </ItemGroup>
</Project>